
Microsoft Visual Studio Solution File, Format Version 12.00
# Visual Studio 15
VisualStudioVersion = 15.0.26124.0
MinimumVisualStudioVersion = 15.0.26124.0
Project("{FAE04EC0-301F-11D3-BF4B-00C04F79EFBC}") = "Model", "Model\Model.csproj", "{A75D1522-B7A8-4A8E-B06A-5F61A1A2B74E}"
EndProject
Project("{FAE04EC0-301F-11D3-BF4B-00C04F79EFBC}") = "API", "API\API.csproj", "{60B1144D-5140-44B2-A13F-A8F20E73626B}"
EndProject
Global
	GlobalSection(SolutionConfigurationPlatforms) = preSolution
		Debug|Any CPU = Debug|Any CPU
		Debug|x64 = Debug|x64
		Debug|x86 = Debug|x86
		Release|Any CPU = Release|Any CPU
		Release|x64 = Release|x64
		Release|x86 = Release|x86
	EndGlobalSection
	GlobalSection(SolutionProperties) = preSolution
		HideSolutionNode = FALSE
	EndGlobalSection
	GlobalSection(ProjectConfigurationPlatforms) = postSolution
		{A75D1522-B7A8-4A8E-B06A-5F61A1A2B74E}.Debug|Any CPU.ActiveCfg = Debug|Any CPU
		{A75D1522-B7A8-4A8E-B06A-5F61A1A2B74E}.Debug|Any CPU.Build.0 = Debug|Any CPU
		{A75D1522-B7A8-4A8E-B06A-5F61A1A2B74E}.Debug|x64.ActiveCfg = Debug|Any CPU
		{A75D1522-B7A8-4A8E-B06A-5F61A1A2B74E}.Debug|x64.Build.0 = Debug|Any CPU
		{A75D1522-B7A8-4A8E-B06A-5F61A1A2B74E}.Debug|x86.ActiveCfg = Debug|Any CPU
		{A75D1522-B7A8-4A8E-B06A-5F61A1A2B74E}.Debug|x86.Build.0 = Debug|Any CPU
		{A75D1522-B7A8-4A8E-B06A-5F61A1A2B74E}.Release|Any CPU.ActiveCfg = Release|Any CPU
		{A75D1522-B7A8-4A8E-B06A-5F61A1A2B74E}.Release|Any CPU.Build.0 = Release|Any CPU
		{A75D1522-B7A8-4A8E-B06A-5F61A1A2B74E}.Release|x64.ActiveCfg = Release|Any CPU
		{A75D1522-B7A8-4A8E-B06A-5F61A1A2B74E}.Release|x64.Build.0 = Release|Any CPU
		{A75D1522-B7A8-4A8E-B06A-5F61A1A2B74E}.Release|x86.ActiveCfg = Release|Any CPU
		{A75D1522-B7A8-4A8E-B06A-5F61A1A2B74E}.Release|x86.Build.0 = Release|Any CPU
		{60B1144D-5140-44B2-A13F-A8F20E73626B}.Debug|Any CPU.ActiveCfg = Debug|Any CPU
		{60B1144D-5140-44B2-A13F-A8F20E73626B}.Debug|Any CPU.Build.0 = Debug|Any CPU
		{60B1144D-5140-44B2-A13F-A8F20E73626B}.Debug|x64.ActiveCfg = Debug|Any CPU
		{60B1144D-5140-44B2-A13F-A8F20E73626B}.Debug|x64.Build.0 = Debug|Any CPU
		{60B1144D-5140-44B2-A13F-A8F20E73626B}.Debug|x86.ActiveCfg = Debug|Any CPU
		{60B1144D-5140-44B2-A13F-A8F20E73626B}.Debug|x86.Build.0 = Debug|Any CPU
		{60B1144D-5140-44B2-A13F-A8F20E73626B}.Release|Any CPU.ActiveCfg = Release|Any CPU
		{60B1144D-5140-44B2-A13F-A8F20E73626B}.Release|Any CPU.Build.0 = Release|Any CPU
		{60B1144D-5140-44B2-A13F-A8F20E73626B}.Release|x64.ActiveCfg = Release|Any CPU
		{60B1144D-5140-44B2-A13F-A8F20E73626B}.Release|x64.Build.0 = Release|Any CPU
		{60B1144D-5140-44B2-A13F-A8F20E73626B}.Release|x86.ActiveCfg = Release|Any CPU
		{60B1144D-5140-44B2-A13F-A8F20E73626B}.Release|x86.Build.0 = Release|Any CPU
	EndGlobalSection
EndGlobal
